
Microsoft Visual Studio Solution File, Format Version 12.00
# Visual Studio Version 17
VisualStudioVersion = 17.5.33530.505
MinimumVisualStudioVersion = 10.0.40219.1
Project("{FAE04EC0-301F-11D3-BF4B-00C04F79EFBC}") = "CurrencyConverter", "CurrencyConverter\CurrencyConverter.csproj", "{BBDDFFAD-55DF-4FC2-9FEE-5E9344F552BD}"
EndProject
Global
	GlobalSection(SolutionConfigurationPlatforms) = preSolution
		Debug|Any CPU = Debug|Any CPU
		Release|Any CPU = Release|Any CPU
	EndGlobalSection
	GlobalSection(ProjectConfigurationPlatforms) = postSolution
		{BBDDFFAD-55DF-4FC2-9FEE-5E9344F552BD}.Debug|Any CPU.ActiveCfg = Debug|Any CPU
		{BBDDFFAD-55DF-4FC2-9FEE-5E9344F552BD}.Debug|Any CPU.Build.0 = Debug|Any CPU
		{BBDDFFAD-55DF-4FC2-9FEE-5E9344F552BD}.Release|Any CPU.ActiveCfg = Release|Any CPU
		{BBDDFFAD-55DF-4FC2-9FEE-5E9344F552BD}.Release|Any CPU.Build.0 = Release|Any CPU
	EndGlobalSection
	GlobalSection(SolutionProperties) = preSolution
		HideSolutionNode = FALSE
	EndGlobalSection
	GlobalSection(ExtensibilityGlobals) = postSolution
		SolutionGuid = {1CCFEE91-E2BA-4E98-B1AF-C214F6B84631}
	EndGlobalSection
EndGlobal
